{
  "name": "actix-redis-session",
  "version": "1.0.0",
  "lockfileVersion": 1,
  "requires": true,
  "dependencies": {
    "coffeescript": {
      "version": "2.5.1",
      "resolved": "https://registry.npmjs.org/coffeescript/-/coffeescript-2.5.1.tgz",
      "integrity": "sha512-J2jRPX0eeFh5VKyVnoLrfVFgLZtnnmp96WQSLAS8OrLm2wtQLcnikYKe1gViJKDH7vucjuhHvBKKBP3rKcD1tQ==",
      "dev": true
    },
    "esbuild": {
      "version": "0.1.14",
      "resolved": "https://registry.npmjs.org/esbuild/-/esbuild-0.1.14.tgz",
      "integrity": "sha512-mNBC1GC4L0MpURBiALPRewdPk8iTbV+GKRctiwdXBCc5ex62pouC6uH9+0bNDaOwLHGeAx8nzi+72DUU02PmTA==",
      "dev": true
    },
    "mithril": {
      "version": "2.0.4",
      "resolved": "https://registry.npmjs.org/mithril/-/mithril-2.0.4.tgz",
      "integrity": "sha512-mgw+DMZlhMS4PpprF6dl7ZoeZq5GGcAuWnrg5e12MvaGauc4jzWsDZtVGRCktsiQczOEUr2K5teKbE5k44RlOg=="
    }
  }
}
